
Microsoft Visual Studio Solution File, Format Version 12.00
# Visual Studio Version 17
VisualStudioVersion = 17.0.31903.59
MinimumVisualStudioVersion = 10.0.40219.1
Project("{2150E333-8FDC-42A3-9474-1A3956D46DE8}") = "src", "src", "{2E5694A2-9901-4BD9-83A3-995029C68F8F}"
EndProject
Project("{FAE04EC0-301F-11D3-BF4B-00C04F79EFBC}") = "AuctionService", "src\AuctionService\AuctionService.csproj", "{5D206741-B1C5-40D1-9F6E-128796E004FF}"
EndProject
Project("{FAE04EC0-301F-11D3-BF4B-00C04F79EFBC}") = "SearchService", "src\searchservice\SearchService.csproj", "{55F57B06-E508-4A4B-9761-1EE7315CF537}"
EndProject
Global
	GlobalSection(SolutionConfigurationPlatforms) = preSolution
		Debug|Any CPU = Debug|Any CPU
		Release|Any CPU = Release|Any CPU
	EndGlobalSection
	GlobalSection(SolutionProperties) = preSolution
		HideSolutionNode = FALSE
	EndGlobalSection
	GlobalSection(ProjectConfigurationPlatforms) = postSolution
		{5D206741-B1C5-40D1-9F6E-128796E004FF}.Debug|Any CPU.ActiveCfg = Debug|Any CPU
		{5D206741-B1C5-40D1-9F6E-128796E004FF}.Debug|Any CPU.Build.0 = Debug|Any CPU
		{5D206741-B1C5-40D1-9F6E-128796E004FF}.Release|Any CPU.ActiveCfg = Release|Any CPU
		{5D206741-B1C5-40D1-9F6E-128796E004FF}.Release|Any CPU.Build.0 = Release|Any CPU
		{55F57B06-E508-4A4B-9761-1EE7315CF537}.Debug|Any CPU.ActiveCfg = Debug|Any CPU
		{55F57B06-E508-4A4B-9761-1EE7315CF537}.Debug|Any CPU.Build.0 = Debug|Any CPU
		{55F57B06-E508-4A4B-9761-1EE7315CF537}.Release|Any CPU.ActiveCfg = Release|Any CPU
		{55F57B06-E508-4A4B-9761-1EE7315CF537}.Release|Any CPU.Build.0 = Release|Any CPU
	EndGlobalSection
	GlobalSection(NestedProjects) = preSolution
		{5D206741-B1C5-40D1-9F6E-128796E004FF} = {2E5694A2-9901-4BD9-83A3-995029C68F8F}
		{55F57B06-E508-4A4B-9761-1EE7315CF537} = {2E5694A2-9901-4BD9-83A3-995029C68F8F}
	EndGlobalSection
EndGlobal
